
Microsoft Visual Studio Solution File, Format Version 12.00
# Visual Studio Version 17
VisualStudioVersion = 17.0.32112.339
MinimumVisualStudioVersion = 10.0.40219.1
Project("{FAE04EC0-301F-11D3-BF4B-00C04F79EFBC}") = "Dice_Core", "Dice_Core.csproj", "{8E797BDF-AEE6-4617-A3F1-BD199F2F9FB9}"
EndProject
Global
	GlobalSection(SolutionConfigurationPlatforms) = preSolution
		Debug|Any CPU = Debug|Any CPU
		Release|Any CPU = Release|Any CPU
	EndGlobalSection
	GlobalSection(ProjectConfigurationPlatforms) = postSolution
		{8E797BDF-AEE6-4617-A3F1-BD199F2F9FB9}.Debug|Any CPU.ActiveCfg = Debug|Any CPU
		{8E797BDF-AEE6-4617-A3F1-BD199F2F9FB9}.Debug|Any CPU.Build.0 = Debug|Any CPU
		{8E797BDF-AEE6-4617-A3F1-BD199F2F9FB9}.Release|Any CPU.ActiveCfg = Release|Any CPU
		{8E797BDF-AEE6-4617-A3F1-BD199F2F9FB9}.Release|Any CPU.Build.0 = Release|Any CPU
	EndGlobalSection
	GlobalSection(SolutionProperties) = preSolution
		HideSolutionNode = FALSE
	EndGlobalSection
	GlobalSection(ExtensibilityGlobals) = postSolution
		SolutionGuid = {AF6876FE-00CC-49EF-B1A3-C4BD29119B88}
	EndGlobalSection
EndGlobal
